{
    "version": 3,
    "terraform_version": "0.11.13",
    "serial": 2,
    "lineage": "23b11567-d0c5-76c3-5c55-3b3f03af01a4",
    "modules": [
        {
            "path": [
                "root"
            ],
            "outputs": {
                "IP Adress": {
                    "sensitive": false,
                    "type": "string",
                    "value": "172.17.0.3"
                },
                "container_name": {
                    "sensitive": false,
                    "type": "string",
                    "value": "prod_blog"
                }
            },
            "resources": {},
            "depends_on": []
        },
        {
            "path": [
                "root",
                "container"
            ],
            "outputs": {
                "container_name": {
                    "sensitive": false,
                    "type": "string",
                    "value": "prod_blog"
                },
                "ip": {
                    "sensitive": false,
                    "type": "string",
                    "value": "172.17.0.3"
                }
            },
            "resources": {
                "docker_container.container_id": {
                    "type": "docker_container",
                    "depends_on": [],
                    "primary": {
                        "id": "b1268b00aeb5d804af2119471e7467a5cc83bf4496a1b34a4144526e7147662e",
                        "attributes": {
                            "attach": "false",
                            "bridge": "",
                            "gateway": "172.17.0.1",
                            "id": "b1268b00aeb5d804af2119471e7467a5cc83bf4496a1b34a4144526e7147662e",
                            "image": "sha256:7ac30dd8a6eea340a07ef21f4f12988ea662adba528cee2b3ffa4b3f35856f5d",
                            "ip_address": "172.17.0.3",
                            "ip_prefix_length": "16",
                            "log_driver": "json-file",
                            "logs": "false",
                            "must_run": "true",
                            "name": "prod_blog",
                            "network_data.#": "1",
                            "network_data.0.gateway": "172.17.0.1",
                            "network_data.0.ip_address": "172.17.0.3",
                            "network_data.0.ip_prefix_length": "16",
                            "network_data.0.network_name": "bridge",
                            "ports.#": "1",
                            "ports.0.external": "80",
                            "ports.0.internal": "2368",
                            "ports.0.ip": "0.0.0.0",
                            "ports.0.protocol": "tcp",
                            "restart": "no",
                            "rm": "false",
                            "start": "true"
                        },
                        "meta": {
                            "schema_version": "1"
                        },
                        "tainted": false
                    },
                    "deposed": [],
                    "provider": "provider.docker"
                }
            },
            "depends_on": []
        },
        {
            "path": [
                "root",
                "image"
            ],
            "outputs": {
                "image_out": {
                    "sensitive": false,
                    "type": "string",
                    "value": "sha256:7ac30dd8a6eea340a07ef21f4f12988ea662adba528cee2b3ffa4b3f35856f5d"
                }
            },
            "resources": {
                "docker_image.image_id": {
                    "type": "docker_image",
                    "depends_on": [],
                    "primary": {
                        "id": "sha256:7ac30dd8a6eea340a07ef21f4f12988ea662adba528cee2b3ffa4b3f35856f5dghost:alpine",
                        "attributes": {
                            "id": "sha256:7ac30dd8a6eea340a07ef21f4f12988ea662adba528cee2b3ffa4b3f35856f5dghost:alpine",
                            "latest": "sha256:7ac30dd8a6eea340a07ef21f4f12988ea662adba528cee2b3ffa4b3f35856f5d",
                            "name": "ghost:alpine"
                        },
                        "meta": {},
                        "tainted": false
                    },
                    "deposed": [],
                    "provider": "provider.docker"
                }
            },
            "depends_on": []
        }
    ]
}
